
Microsoft Visual Studio Solution File, Format Version 12.00
# Visual Studio Version 16
VisualStudioVersion = 16.0.29326.143
MinimumVisualStudioVersion = 10.0.40219.1
Project("{FAE04EC0-301F-11D3-BF4B-00C04F79EFBC}") = "JustTransformPlayground.Ui", "JustTransformPlayground.Ui\JustTransformPlayground.Ui.csproj", "{C4F13815-B9FC-4AB8-BEDD-B5316D7A8D1D}"
EndProject
Global
	GlobalSection(SolutionConfigurationPlatforms) = preSolution
		Debug|Any CPU = Debug|Any CPU
		Release|Any CPU = Release|Any CPU
	EndGlobalSection
	GlobalSection(ProjectConfigurationPlatforms) = postSolution
		{C4F13815-B9FC-4AB8-BEDD-B5316D7A8D1D}.Debug|Any CPU.ActiveCfg = Debug|Any CPU
		{C4F13815-B9FC-4AB8-BEDD-B5316D7A8D1D}.Debug|Any CPU.Build.0 = Debug|Any CPU
		{C4F13815-B9FC-4AB8-BEDD-B5316D7A8D1D}.Release|Any CPU.ActiveCfg = Release|Any CPU
		{C4F13815-B9FC-4AB8-BEDD-B5316D7A8D1D}.Release|Any CPU.Build.0 = Release|Any CPU
	EndGlobalSection
	GlobalSection(SolutionProperties) = preSolution
		HideSolutionNode = FALSE
	EndGlobalSection
	GlobalSection(ExtensibilityGlobals) = postSolution
		SolutionGuid = {4E66AD9B-43F2-4CBA-AF51-E19B0F914911}
	EndGlobalSection
EndGlobal
